
Microsoft Visual Studio Solution File, Format Version 12.00
# Visual Studio Version 17
VisualStudioVersion = 17.12.35527.113 d17.12
MinimumVisualStudioVersion = 10.0.40219.1
Project("{FAE04EC0-301F-11D3-BF4B-00C04F79EFBC}") = "Aula_6_2", "Aula_6_2\Aula_6_2.csproj", "{BDBF5ADD-6861-4CD8-BA7E-EAF4C86477EC}"
EndProject
Global
	GlobalSection(SolutionConfigurationPlatforms) = preSolution
		Debug|Any CPU = Debug|Any CPU
		Release|Any CPU = Release|Any CPU
	EndGlobalSection
	GlobalSection(ProjectConfigurationPlatforms) = postSolution
		{BDBF5ADD-6861-4CD8-BA7E-EAF4C86477EC}.Debug|Any CPU.ActiveCfg = Debug|Any CPU
		{BDBF5ADD-6861-4CD8-BA7E-EAF4C86477EC}.Debug|Any CPU.Build.0 = Debug|Any CPU
		{BDBF5ADD-6861-4CD8-BA7E-EAF4C86477EC}.Release|Any CPU.ActiveCfg = Release|Any CPU
		{BDBF5ADD-6861-4CD8-BA7E-EAF4C86477EC}.Release|Any CPU.Build.0 = Release|Any CPU
	EndGlobalSection
	GlobalSection(SolutionProperties) = preSolution
		HideSolutionNode = FALSE
	EndGlobalSection
EndGlobal
